{
  "name": "global-dynamic-illumination",
  "version": "0.0.0",
  "lockfileVersion": 3,
  "requires": true,
  "packages": {
    "": {
      "name": "global-dynamic-illumination",
      "version": "0.0.0",
      "dependencies": {
        "gltfpack": "^0.25.0",
        "three": "^0.180.0"
      }
    },
    "node_modules/gltfpack": {
      "version": "0.25.0",
      "resolved": "https://registry.npmjs.org/gltfpack/-/gltfpack-0.25.0.tgz",
      "integrity": "sha512-v54ucuLfcdesYRpUWcP42EVdCsKZASw8RsFnRORLrd1B8drHPrHWbvnGg8tqYn6qBacmdtWc4B75DpLLDgCJwQ==",
      "license": "MIT",
      "bin": {
        "gltfpack": "cli.js"
      },
      "engines": {
        "node": ">=18"
      }
    },
    "node_modules/three": {
      "version": "0.180.0",
      "resolved": "https://registry.npmjs.org/three/-/three-0.180.0.tgz",
      "integrity": "sha512-o+qycAMZrh+TsE01GqWUxUIKR1AL0S8pq7zDkYOQw8GqfX8b8VoCKYUoHbhiX5j+7hr8XsuHDVU6+gkQJQKg9w==",
      "license": "MIT"
    }
  }
}
